
Microsoft Visual Studio Solution File, Format Version 12.00
# Visual Studio Version 16
VisualStudioVersion = 16.0.32802.440
MinimumVisualStudioVersion = 10.0.40219.1
Project("{8BC9CEB8-8B4A-11D0-8D11-00A0C91BC942}") = "DarknetProject", "DarknetProject\DarknetProject.vcxproj", "{8FC5FFF6-DF19-4A59-A66A-A9A578D3E4ED}"
EndProject
Global
	GlobalSection(SolutionConfigurationPlatforms) = preSolution
		Debug|x64 = Debug|x64
		Debug|x86 = Debug|x86
		Release|x64 = Release|x64
		Release|x86 = Release|x86
	EndGlobalSection
	GlobalSection(ProjectConfigurationPlatforms) = postSolution
		{8FC5FFF6-DF19-4A59-A66A-A9A578D3E4ED}.Debug|x64.ActiveCfg = Debug|x64
		{8FC5FFF6-DF19-4A59-A66A-A9A578D3E4ED}.Debug|x64.Build.0 = Debug|x64
		{8FC5FFF6-DF19-4A59-A66A-A9A578D3E4ED}.Debug|x86.ActiveCfg = Debug|Win32
		{8FC5FFF6-DF19-4A59-A66A-A9A578D3E4ED}.Debug|x86.Build.0 = Debug|Win32
		{8FC5FFF6-DF19-4A59-A66A-A9A578D3E4ED}.Release|x64.ActiveCfg = Release|x64
		{8FC5FFF6-DF19-4A59-A66A-A9A578D3E4ED}.Release|x64.Build.0 = Release|x64
		{8FC5FFF6-DF19-4A59-A66A-A9A578D3E4ED}.Release|x86.ActiveCfg = Release|Win32
		{8FC5FFF6-DF19-4A59-A66A-A9A578D3E4ED}.Release|x86.Build.0 = Release|Win32
	EndGlobalSection
	GlobalSection(SolutionProperties) = preSolution
		HideSolutionNode = FALSE
	EndGlobalSection
	GlobalSection(ExtensibilityGlobals) = postSolution
		SolutionGuid = {7616299B-435C-4B1E-A5D7-C4BFA3B5821D}
	EndGlobalSection
EndGlobal
